
Microsoft Visual Studio Solution File, Format Version 12.00
# Visual Studio Version 17
VisualStudioVersion = 17.14.36518.9 d17.14
MinimumVisualStudioVersion = 10.0.40219.1
Project("{F184B08F-C81C-45F6-A57F-5ABD9991F28F}") = "gestion de stock", "gestion de stock.vbproj", "{BF709394-21EB-47BC-BD15-7A93EDE5EB74}"
EndProject
Global
	GlobalSection(SolutionConfigurationPlatforms) = preSolution
		Debug|Any CPU = Debug|Any CPU
		Release|Any CPU = Release|Any CPU
	EndGlobalSection
	GlobalSection(ProjectConfigurationPlatforms) = postSolution
		{BF709394-21EB-47BC-BD15-7A93EDE5EB74}.Debug|Any CPU.ActiveCfg = Debug|Any CPU
		{BF709394-21EB-47BC-BD15-7A93EDE5EB74}.Debug|Any CPU.Build.0 = Debug|Any CPU
		{BF709394-21EB-47BC-BD15-7A93EDE5EB74}.Release|Any CPU.ActiveCfg = Release|Any CPU
		{BF709394-21EB-47BC-BD15-7A93EDE5EB74}.Release|Any CPU.Build.0 = Release|Any CPU
	EndGlobalSection
	GlobalSection(SolutionProperties) = preSolution
		HideSolutionNode = FALSE
	EndGlobalSection
	GlobalSection(ExtensibilityGlobals) = postSolution
		SolutionGuid = {8B8A666F-4219-49E9-BAD3-8F464771F361}
	EndGlobalSection
EndGlobal
